
Microsoft Visual Studio Solution File, Format Version 12.00
# Visual Studio Version 16
VisualStudioVersion = 16.0.29609.76
MinimumVisualStudioVersion = 10.0.40219.1
Project("{9A19103F-16F7-4668-BE54-9A1E7A4F7556}") = "ProtocolMaster", "ProtocolMaster\ProtocolMaster.csproj", "{CE4D7148-D741-4ED7-95A1-DC1BD0532E1B}"
EndProject
Project("{FAE04EC0-301F-11D3-BF4B-00C04F79EFBC}") = "Schedulino", "Schedulino\Schedulino.csproj", "{EDBA6B70-6719-4118-977D-F10BA534B394}"
EndProject
Project("{FAE04EC0-301F-11D3-BF4B-00C04F79EFBC}") = "ProtocolMasterUWP", "ProtocolMasterUWP\ProtocolMasterUWP.csproj", "{2C51DBDE-14C6-4537-BF15-D43788D57DC6}"
EndProject
Project("{FAE04EC0-301F-11D3-BF4B-00C04F79EFBC}") = "ProtocolMasterCore", "ProtocolMasterCore\ProtocolMasterCore.csproj", "{44917BA5-F366-4054-95A9-A8371FCEBFB7}"
EndProject
Project("{FAE04EC0-301F-11D3-BF4B-00C04F79EFBC}") = "McIntyreAFC", "McIntyreAFC\McIntyreAFC.csproj", "{4D707372-0064-4BC7-B744-45DD2F63488B}"
EndProject
Project("{FAE04EC0-301F-11D3-BF4B-00C04F79EFBC}") = "ProtocolMasterWPF", "ProtocolMasterWPF\ProtocolMasterWPF.csproj", "{35ACDD96-A12B-4F38-84F1-2E498AF2E914}"
EndProject
Global
	GlobalSection(SolutionConfigurationPlatforms) = preSolution
		Debug|Any CPU = Debug|Any CPU
		Debug|ARM = Debug|ARM
		Debug|ARM64 = Debug|ARM64
		Debug|x64 = Debug|x64
		Debug|x86 = Debug|x86
		Release|Any CPU = Release|Any CPU
		Release|ARM = Release|ARM
		Release|ARM64 = Release|ARM64
		Release|x64 = Release|x64
		Release|x86 = Release|x86
	EndGlobalSection
	GlobalSection(ProjectConfigurationPlatforms) = postSolution
		{CE4D7148-D741-4ED7-95A1-DC1BD0532E1B}.Debug|Any CPU.ActiveCfg = Debug|Any CPU
		{CE4D7148-D741-4ED7-95A1-DC1BD0532E1B}.Debug|Any CPU.Build.0 = Debug|Any CPU
		{CE4D7148-D741-4ED7-95A1-DC1BD0532E1B}.Debug|ARM.ActiveCfg = Debug|Any CPU
		{CE4D7148-D741-4ED7-95A1-DC1BD0532E1B}.Debug|ARM.Build.0 = Debug|Any CPU
		{CE4D7148-D741-4ED7-95A1-DC1BD0532E1B}.Debug|ARM64.ActiveCfg = Debug|Any CPU
		{CE4D7148-D741-4ED7-95A1-DC1BD0532E1B}.Debug|ARM64.Build.0 = Debug|Any CPU
		{CE4D7148-D741-4ED7-95A1-DC1BD0532E1B}.Debug|x64.ActiveCfg = Debug|Any CPU
		{CE4D7148-D741-4ED7-95A1-DC1BD0532E1B}.Debug|x64.Build.0 = Debug|Any CPU
		{CE4D7148-D741-4ED7-95A1-DC1BD0532E1B}.Debug|x86.ActiveCfg = Debug|Any CPU
		{CE4D7148-D741-4ED7-95A1-DC1BD0532E1B}.Debug|x86.Build.0 = Debug|Any CPU
		{CE4D7148-D741-4ED7-95A1-DC1BD0532E1B}.Release|Any CPU.ActiveCfg = Release|Any CPU
		{CE4D7148-D741-4ED7-95A1-DC1BD0532E1B}.Release|Any CPU.Build.0 = Release|Any CPU
		{CE4D7148-D741-4ED7-95A1-DC1BD0532E1B}.Release|ARM.ActiveCfg = Release|Any CPU
		{CE4D7148-D741-4ED7-95A1-DC1BD0532E1B}.Release|ARM.Build.0 = Release|Any CPU
		{CE4D7148-D741-4ED7-95A1-DC1BD0532E1B}.Release|ARM64.ActiveCfg = Release|Any CPU
		{CE4D7148-D741-4ED7-95A1-DC1BD0532E1B}.Release|ARM64.Build.0 = Release|Any CPU
		{CE4D7148-D741-4ED7-95A1-DC1BD0532E1B}.Release|x64.ActiveCfg = Release|Any CPU
		{CE4D7148-D741-4ED7-95A1-DC1BD0532E1B}.Release|x64.Build.0 = Release|Any CPU
		{CE4D7148-D741-4ED7-95A1-DC1BD0532E1B}.Release|x86.ActiveCfg = Release|Any CPU
		{CE4D7148-D741-4ED7-95A1-DC1BD0532E1B}.Release|x86.Build.0 = Release|Any CPU
		{EDBA6B70-6719-4118-977D-F10BA534B394}.Debug|Any CPU.ActiveCfg = Debug|Any CPU
		{EDBA6B70-6719-4118-977D-F10BA534B394}.Debug|Any CPU.Build.0 = Debug|Any CPU
		{EDBA6B70-6719-4118-977D-F10BA534B394}.Debug|ARM.ActiveCfg = Debug|Any CPU
		{EDBA6B70-6719-4118-977D-F10BA534B394}.Debug|ARM.Build.0 = Debug|Any CPU
		{EDBA6B70-6719-4118-977D-F10BA534B394}.Debug|ARM64.ActiveCfg = Debug|Any CPU
		{EDBA6B70-6719-4118-977D-F10BA534B394}.Debug|ARM64.Build.0 = Debug|Any CPU
		{EDBA6B70-6719-4118-977D-F10BA534B394}.Debug|x64.ActiveCfg = Debug|Any CPU
		{EDBA6B70-6719-4118-977D-F10BA534B394}.Debug|x64.Build.0 = Debug|Any CPU
		{EDBA6B70-6719-4118-977D-F10BA534B394}.Debug|x86.ActiveCfg = Debug|Any CPU
		{EDBA6B70-6719-4118-977D-F10BA534B394}.Debug|x86.Build.0 = Debug|Any CPU
		{EDBA6B70-6719-4118-977D-F10BA534B394}.Release|Any CPU.ActiveCfg = Release|Any CPU
		{EDBA6B70-6719-4118-977D-F10BA534B394}.Release|Any CPU.Build.0 = Release|Any CPU
		{EDBA6B70-6719-4118-977D-F10BA534B394}.Release|ARM.ActiveCfg = Release|Any CPU
		{EDBA6B70-6719-4118-977D-F10BA534B394}.Release|ARM.Build.0 = Release|Any CPU
		{EDBA6B70-6719-4118-977D-F10BA534B394}.Release|ARM64.ActiveCfg = Release|Any CPU
		{EDBA6B70-6719-4118-977D-F10BA534B394}.Release|ARM64.Build.0 = Release|Any CPU
		{EDBA6B70-6719-4118-977D-F10BA534B394}.Release|x64.ActiveCfg = Release|Any CPU
		{EDBA6B70-6719-4118-977D-F10BA534B394}.Release|x64.Build.0 = Release|Any CPU
		{EDBA6B70-6719-4118-977D-F10BA534B394}.Release|x86.ActiveCfg = Release|Any CPU
		{EDBA6B70-6719-4118-977D-F10BA534B394}.Release|x86.Build.0 = Release|Any CPU
		{2C51DBDE-14C6-4537-BF15-D43788D57DC6}.Debug|Any CPU.ActiveCfg = Debug|x86
		{2C51DBDE-14C6-4537-BF15-D43788D57DC6}.Debug|Any CPU.Build.0 = Debug|x86
		{2C51DBDE-14C6-4537-BF15-D43788D57DC6}.Debug|ARM.ActiveCfg = Debug|ARM
		{2C51DBDE-14C6-4537-BF15-D43788D57DC6}.Debug|ARM.Build.0 = Debug|ARM
		{2C51DBDE-14C6-4537-BF15-D43788D57DC6}.Debug|ARM.Deploy.0 = Debug|ARM
		{2C51DBDE-14C6-4537-BF15-D43788D57DC6}.Debug|ARM64.ActiveCfg = Debug|ARM64
		{2C51DBDE-14C6-4537-BF15-D43788D57DC6}.Debug|ARM64.Build.0 = Debug|ARM64
		{2C51DBDE-14C6-4537-BF15-D43788D57DC6}.Debug|ARM64.Deploy.0 = Debug|ARM64
		{2C51DBDE-14C6-4537-BF15-D43788D57DC6}.Debug|x64.ActiveCfg = Debug|x64
		{2C51DBDE-14C6-4537-BF15-D43788D57DC6}.Debug|x64.Build.0 = Debug|x64
		{2C51DBDE-14C6-4537-BF15-D43788D57DC6}.Debug|x64.Deploy.0 = Debug|x64
		{2C51DBDE-14C6-4537-BF15-D43788D57DC6}.Debug|x86.ActiveCfg = Debug|x86
		{2C51DBDE-14C6-4537-BF15-D43788D57DC6}.Debug|x86.Build.0 = Debug|x86
		{2C51DBDE-14C6-4537-BF15-D43788D57DC6}.Debug|x86.Deploy.0 = Debug|x86
		{2C51DBDE-14C6-4537-BF15-D43788D57DC6}.Release|Any CPU.ActiveCfg = Release|x86
		{2C51DBDE-14C6-4537-BF15-D43788D57DC6}.Release|ARM.ActiveCfg = Release|ARM
		{2C51DBDE-14C6-4537-BF15-D43788D57DC6}.Release|ARM.Build.0 = Release|ARM
		{2C51DBDE-14C6-4537-BF15-D43788D57DC6}.Release|ARM.Deploy.0 = Release|ARM
		{2C51DBDE-14C6-4537-BF15-D43788D57DC6}.Release|ARM64.ActiveCfg = Release|ARM64
		{2C51DBDE-14C6-4537-BF15-D43788D57DC6}.Release|ARM64.Build.0 = Release|ARM64
		{2C51DBDE-14C6-4537-BF15-D43788D57DC6}.Release|ARM64.Deploy.0 = Release|ARM64
		{2C51DBDE-14C6-4537-BF15-D43788D57DC6}.Release|x64.ActiveCfg = Release|x64
		{2C51DBDE-14C6-4537-BF15-D43788D57DC6}.Release|x64.Build.0 = Release|x64
		{2C51DBDE-14C6-4537-BF15-D43788D57DC6}.Release|x64.Deploy.0 = Release|x64
		{2C51DBDE-14C6-4537-BF15-D43788D57DC6}.Release|x86.ActiveCfg = Release|x86
		{2C51DBDE-14C6-4537-BF15-D43788D57DC6}.Release|x86.Build.0 = Release|x86
		{2C51DBDE-14C6-4537-BF15-D43788D57DC6}.Release|x86.Deploy.0 = Release|x86
		{44917BA5-F366-4054-95A9-A8371FCEBFB7}.Debug|Any CPU.ActiveCfg = Debug|Any CPU
		{44917BA5-F366-4054-95A9-A8371FCEBFB7}.Debug|Any CPU.Build.0 = Debug|Any CPU
		{44917BA5-F366-4054-95A9-A8371FCEBFB7}.Debug|ARM.ActiveCfg = Debug|Any CPU
		{44917BA5-F366-4054-95A9-A8371FCEBFB7}.Debug|ARM.Build.0 = Debug|Any CPU
		{44917BA5-F366-4054-95A9-A8371FCEBFB7}.Debug|ARM64.ActiveCfg = Debug|Any CPU
		{44917BA5-F366-4054-95A9-A8371FCEBFB7}.Debug|ARM64.Build.0 = Debug|Any CPU
		{44917BA5-F366-4054-95A9-A8371FCEBFB7}.Debug|x64.ActiveCfg = Debug|Any CPU
		{44917BA5-F366-4054-95A9-A8371FCEBFB7}.Debug|x64.Build.0 = Debug|Any CPU
		{44917BA5-F366-4054-95A9-A8371FCEBFB7}.Debug|x86.ActiveCfg = Debug|Any CPU
		{44917BA5-F366-4054-95A9-A8371FCEBFB7}.Debug|x86.Build.0 = Debug|Any CPU
		{44917BA5-F366-4054-95A9-A8371FCEBFB7}.Release|Any CPU.ActiveCfg = Release|Any CPU
		{44917BA5-F366-4054-95A9-A8371FCEBFB7}.Release|Any CPU.Build.0 = Release|Any CPU
		{44917BA5-F366-4054-95A9-A8371FCEBFB7}.Release|ARM.ActiveCfg = Release|Any CPU
		{44917BA5-F366-4054-95A9-A8371FCEBFB7}.Release|ARM.Build.0 = Release|Any CPU
		{44917BA5-F366-4054-95A9-A8371FCEBFB7}.Release|ARM64.ActiveCfg = Release|Any CPU
		{44917BA5-F366-4054-95A9-A8371FCEBFB7}.Release|ARM64.Build.0 = Release|Any CPU
		{44917BA5-F366-4054-95A9-A8371FCEBFB7}.Release|x64.ActiveCfg = Release|Any CPU
		{44917BA5-F366-4054-95A9-A8371FCEBFB7}.Release|x64.Build.0 = Release|Any CPU
		{44917BA5-F366-4054-95A9-A8371FCEBFB7}.Release|x86.ActiveCfg = Release|Any CPU
		{44917BA5-F366-4054-95A9-A8371FCEBFB7}.Release|x86.Build.0 = Release|Any CPU
		{4D707372-0064-4BC7-B744-45DD2F63488B}.Debug|Any CPU.ActiveCfg = Debug|Any CPU
		{4D707372-0064-4BC7-B744-45DD2F63488B}.Debug|Any CPU.Build.0 = Debug|Any CPU
		{4D707372-0064-4BC7-B744-45DD2F63488B}.Debug|ARM.ActiveCfg = Debug|Any CPU
		{4D707372-0064-4BC7-B744-45DD2F63488B}.Debug|ARM.Build.0 = Debug|Any CPU
		{4D707372-0064-4BC7-B744-45DD2F63488B}.Debug|ARM64.ActiveCfg = Debug|Any CPU
		{4D707372-0064-4BC7-B744-45DD2F63488B}.Debug|ARM64.Build.0 = Debug|Any CPU
		{4D707372-0064-4BC7-B744-45DD2F63488B}.Debug|x64.ActiveCfg = Debug|Any CPU
		{4D707372-0064-4BC7-B744-45DD2F63488B}.Debug|x64.Build.0 = Debug|Any CPU
		{4D707372-0064-4BC7-B744-45DD2F63488B}.Debug|x86.ActiveCfg = Debug|Any CPU
		{4D707372-0064-4BC7-B744-45DD2F63488B}.Debug|x86.Build.0 = Debug|Any CPU
		{4D707372-0064-4BC7-B744-45DD2F63488B}.Release|Any CPU.ActiveCfg = Release|Any CPU
		{4D707372-0064-4BC7-B744-45DD2F63488B}.Release|Any CPU.Build.0 = Release|Any CPU
		{4D707372-0064-4BC7-B744-45DD2F63488B}.Release|ARM.ActiveCfg = Release|Any CPU
		{4D707372-0064-4BC7-B744-45DD2F63488B}.Release|ARM.Build.0 = Release|Any CPU
		{4D707372-0064-4BC7-B744-45DD2F63488B}.Release|ARM64.ActiveCfg = Release|Any CPU
		{4D707372-0064-4BC7-B744-45DD2F63488B}.Release|ARM64.Build.0 = Release|Any CPU
		{4D707372-0064-4BC7-B744-45DD2F63488B}.Release|x64.ActiveCfg = Release|Any CPU
		{4D707372-0064-4BC7-B744-45DD2F63488B}.Release|x64.Build.0 = Release|Any CPU
		{4D707372-0064-4BC7-B744-45DD2F63488B}.Release|x86.ActiveCfg = Release|Any CPU
		{4D707372-0064-4BC7-B744-45DD2F63488B}.Release|x86.Build.0 = Release|Any CPU
		{35ACDD96-A12B-4F38-84F1-2E498AF2E914}.Debug|Any CPU.ActiveCfg = Debug|Any CPU
		{35ACDD96-A12B-4F38-84F1-2E498AF2E914}.Debug|Any CPU.Build.0 = Debug|Any CPU
		{35ACDD96-A12B-4F38-84F1-2E498AF2E914}.Debug|ARM.ActiveCfg = Debug|Any CPU
		{35ACDD96-A12B-4F38-84F1-2E498AF2E914}.Debug|ARM.Build.0 = Debug|Any CPU
		{35ACDD96-A12B-4F38-84F1-2E498AF2E914}.Debug|ARM64.ActiveCfg = Debug|Any CPU
		{35ACDD96-A12B-4F38-84F1-2E498AF2E914}.Debug|ARM64.Build.0 = Debug|Any CPU
		{35ACDD96-A12B-4F38-84F1-2E498AF2E914}.Debug|x64.ActiveCfg = Debug|Any CPU
		{35ACDD96-A12B-4F38-84F1-2E498AF2E914}.Debug|x64.Build.0 = Debug|Any CPU
		{35ACDD96-A12B-4F38-84F1-2E498AF2E914}.Debug|x86.ActiveCfg = Debug|Any CPU
		{35ACDD96-A12B-4F38-84F1-2E498AF2E914}.Debug|x86.Build.0 = Debug|Any CPU
		{35ACDD96-A12B-4F38-84F1-2E498AF2E914}.Release|Any CPU.ActiveCfg = Release|Any CPU
		{35ACDD96-A12B-4F38-84F1-2E498AF2E914}.Release|Any CPU.Build.0 = Release|Any CPU
		{35ACDD96-A12B-4F38-84F1-2E498AF2E914}.Release|ARM.ActiveCfg = Release|Any CPU
		{35ACDD96-A12B-4F38-84F1-2E498AF2E914}.Release|ARM.Build.0 = Release|Any CPU
		{35ACDD96-A12B-4F38-84F1-2E498AF2E914}.Release|ARM64.ActiveCfg = Release|Any CPU
		{35ACDD96-A12B-4F38-84F1-2E498AF2E914}.Release|ARM64.Build.0 = Release|Any CPU
		{35ACDD96-A12B-4F38-84F1-2E498AF2E914}.Release|x64.ActiveCfg = Release|Any CPU
		{35ACDD96-A12B-4F38-84F1-2E498AF2E914}.Release|x64.Build.0 = Release|Any CPU
		{35ACDD96-A12B-4F38-84F1-2E498AF2E914}.Release|x86.ActiveCfg = Release|Any CPU
		{35ACDD96-A12B-4F38-84F1-2E498AF2E914}.Release|x86.Build.0 = Release|Any CPU
	EndGlobalSection
	GlobalSection(SolutionProperties) = preSolution
		HideSolutionNode = FALSE
	EndGlobalSection
	GlobalSection(ExtensibilityGlobals) = postSolution
		SolutionGuid = {F6AC5A13-8284-4E2A-AD1D-9F3C3BF4FF3F}
	EndGlobalSection
EndGlobal
